
Microsoft Visual Studio Solution File, Format Version 12.00
# Visual Studio Version 17
VisualStudioVersion = 17.11.35327.3
MinimumVisualStudioVersion = 10.0.40219.1
Project("{9A19103F-16F7-4668-BE54-9A1E7A4F7556}") = "CRUD Project.APIs", "CRUD Project.APIs.csproj", "{38598418-D672-4249-9784-4EEE2DF8384B}"
EndProject
Project("{FAE04EC0-301F-11D3-BF4B-00C04F79EFBC}") = "CRUD Project.BL", "..\CRUD Project.BL\CRUD Project.BL.csproj", "{26909414-DC58-4EDB-A6ED-4C9A1AF0B59C}"
EndProject
Project("{FAE04EC0-301F-11D3-BF4B-00C04F79EFBC}") = "CRUD Project.DAL", "..\CRUD Project.DAL\CRUD Project.DAL.csproj", "{C56BF114-F754-4A44-85DB-B0A591F0A8B8}"
EndProject
Global
	GlobalSection(SolutionConfigurationPlatforms) = preSolution
		Debug|Any CPU = Debug|Any CPU
		Release|Any CPU = Release|Any CPU
	EndGlobalSection
	GlobalSection(ProjectConfigurationPlatforms) = postSolution
		{38598418-D672-4249-9784-4EEE2DF8384B}.Debug|Any CPU.ActiveCfg = Debug|Any CPU
		{38598418-D672-4249-9784-4EEE2DF8384B}.Debug|Any CPU.Build.0 = Debug|Any CPU
		{38598418-D672-4249-9784-4EEE2DF8384B}.Release|Any CPU.ActiveCfg = Release|Any CPU
		{38598418-D672-4249-9784-4EEE2DF8384B}.Release|Any CPU.Build.0 = Release|Any CPU
		{26909414-DC58-4EDB-A6ED-4C9A1AF0B59C}.Debug|Any CPU.ActiveCfg = Debug|Any CPU
		{26909414-DC58-4EDB-A6ED-4C9A1AF0B59C}.Debug|Any CPU.Build.0 = Debug|Any CPU
		{26909414-DC58-4EDB-A6ED-4C9A1AF0B59C}.Release|Any CPU.ActiveCfg = Release|Any CPU
		{26909414-DC58-4EDB-A6ED-4C9A1AF0B59C}.Release|Any CPU.Build.0 = Release|Any CPU
		{C56BF114-F754-4A44-85DB-B0A591F0A8B8}.Debug|Any CPU.ActiveCfg = Debug|Any CPU
		{C56BF114-F754-4A44-85DB-B0A591F0A8B8}.Debug|Any CPU.Build.0 = Debug|Any CPU
		{C56BF114-F754-4A44-85DB-B0A591F0A8B8}.Release|Any CPU.ActiveCfg = Release|Any CPU
		{C56BF114-F754-4A44-85DB-B0A591F0A8B8}.Release|Any CPU.Build.0 = Release|Any CPU
	EndGlobalSection
	GlobalSection(SolutionProperties) = preSolution
		HideSolutionNode = FALSE
	EndGlobalSection
	GlobalSection(ExtensibilityGlobals) = postSolution
		SolutionGuid = {FA46CCF4-5569-4CA4-A1CB-C03AFED7304D}
	EndGlobalSection
EndGlobal
